<Solution>
  <Configurations>
    <Platform Name="Any CPU" />
    <Platform Name="x64" />
    <Platform Name="x86" />
  </Configurations>
  <Project Path="hello-nuget/hello-nuget.csproj" />
  <Project Path="src/MinRT.Core/MinRT.Core.csproj" />
  <Project Path="src/MinRT.NuGet/MinRT.NuGet.csproj" />
  <Project Path="tests/MinRT.TestHost/MinRT.TestHost.csproj" />
  <Project Path="tests/MinRT.Tests/MinRT.Tests.csproj" />
</Solution>
