
Microsoft Visual Studio Solution File, Format Version 12.00
# Visual Studio Version 17
VisualStudioVersion = 17.0.31903.59
MinimumVisualStudioVersion = 10.0.40219.1
Project("{FAE04EC0-301F-11D3-BF4B-00C04F79EFBC}") = "MinRT.Core", "src\MinRT.Core\MinRT.Core.csproj", "{8D16CE05-3684-49B1-9630-57BD5FE89ACE}"
EndProject
Project("{FAE04EC0-301F-11D3-BF4B-00C04F79EFBC}") = "MinRT.TestHost", "tests\MinRT.TestHost\MinRT.TestHost.csproj", "{9A4A2747-1D4F-4306-8406-77CD8193626F}"
EndProject
Project("{FAE04EC0-301F-11D3-BF4B-00C04F79EFBC}") = "MinRT.NuGet", "src\MinRT.NuGet\MinRT.NuGet.csproj", "{F560F817-1E6E-4692-9BB6-AEB4F437F2DF}"
EndProject
Project("{FAE04EC0-301F-11D3-BF4B-00C04F79EFBC}") = "hello-nuget", "hello-nuget\hello-nuget.csproj", "{8D2C95AD-49A0-438F-955F-37978CD16D09}"
EndProject
Project("{FAE04EC0-301F-11D3-BF4B-00C04F79EFBC}") = "MinRT.Tests", "tests\MinRT.Tests\MinRT.Tests.csproj", "{7ABFD030-C0A2-4139-A00C-77960F08C192}"
EndProject
Global
	GlobalSection(SolutionConfigurationPlatforms) = preSolution
		Debug|Any CPU = Debug|Any CPU
		Debug|x64 = Debug|x64
		Debug|x86 = Debug|x86
		Release|Any CPU = Release|Any CPU
		Release|x64 = Release|x64
		Release|x86 = Release|x86
	EndGlobalSection
	GlobalSection(ProjectConfigurationPlatforms) = postSolution
		{8D16CE05-3684-49B1-9630-57BD5FE89ACE}.Debug|Any CPU.ActiveCfg = Debug|Any CPU
		{8D16CE05-3684-49B1-9630-57BD5FE89ACE}.Debug|Any CPU.Build.0 = Debug|Any CPU
		{8D16CE05-3684-49B1-9630-57BD5FE89ACE}.Debug|x64.ActiveCfg = Debug|Any CPU
		{8D16CE05-3684-49B1-9630-57BD5FE89ACE}.Debug|x64.Build.0 = Debug|Any CPU
		{8D16CE05-3684-49B1-9630-57BD5FE89ACE}.Debug|x86.ActiveCfg = Debug|Any CPU
		{8D16CE05-3684-49B1-9630-57BD5FE89ACE}.Debug|x86.Build.0 = Debug|Any CPU
		{8D16CE05-3684-49B1-9630-57BD5FE89ACE}.Release|Any CPU.ActiveCfg = Release|Any CPU
		{8D16CE05-3684-49B1-9630-57BD5FE89ACE}.Release|Any CPU.Build.0 = Release|Any CPU
		{8D16CE05-3684-49B1-9630-57BD5FE89ACE}.Release|x64.ActiveCfg = Release|Any CPU
		{8D16CE05-3684-49B1-9630-57BD5FE89ACE}.Release|x64.Build.0 = Release|Any CPU
		{8D16CE05-3684-49B1-9630-57BD5FE89ACE}.Release|x86.ActiveCfg = Release|Any CPU
		{8D16CE05-3684-49B1-9630-57BD5FE89ACE}.Release|x86.Build.0 = Release|Any CPU
		{9A4A2747-1D4F-4306-8406-77CD8193626F}.Debug|Any CPU.ActiveCfg = Debug|Any CPU
		{9A4A2747-1D4F-4306-8406-77CD8193626F}.Debug|Any CPU.Build.0 = Debug|Any CPU
		{9A4A2747-1D4F-4306-8406-77CD8193626F}.Debug|x64.ActiveCfg = Debug|Any CPU
		{9A4A2747-1D4F-4306-8406-77CD8193626F}.Debug|x64.Build.0 = Debug|Any CPU
		{9A4A2747-1D4F-4306-8406-77CD8193626F}.Debug|x86.ActiveCfg = Debug|Any CPU
		{9A4A2747-1D4F-4306-8406-77CD8193626F}.Debug|x86.Build.0 = Debug|Any CPU
		{9A4A2747-1D4F-4306-8406-77CD8193626F}.Release|Any CPU.ActiveCfg = Release|Any CPU
		{9A4A2747-1D4F-4306-8406-77CD8193626F}.Release|Any CPU.Build.0 = Release|Any CPU
		{9A4A2747-1D4F-4306-8406-77CD8193626F}.Release|x64.ActiveCfg = Release|Any CPU
		{9A4A2747-1D4F-4306-8406-77CD8193626F}.Release|x64.Build.0 = Release|Any CPU
		{9A4A2747-1D4F-4306-8406-77CD8193626F}.Release|x86.ActiveCfg = Release|Any CPU
		{9A4A2747-1D4F-4306-8406-77CD8193626F}.Release|x86.Build.0 = Release|Any CPU
		{F560F817-1E6E-4692-9BB6-AEB4F437F2DF}.Debug|Any CPU.ActiveCfg = Debug|Any CPU
		{F560F817-1E6E-4692-9BB6-AEB4F437F2DF}.Debug|Any CPU.Build.0 = Debug|Any CPU
		{F560F817-1E6E-4692-9BB6-AEB4F437F2DF}.Debug|x64.ActiveCfg = Debug|Any CPU
		{F560F817-1E6E-4692-9BB6-AEB4F437F2DF}.Debug|x64.Build.0 = Debug|Any CPU
		{F560F817-1E6E-4692-9BB6-AEB4F437F2DF}.Debug|x86.ActiveCfg = Debug|Any CPU
		{F560F817-1E6E-4692-9BB6-AEB4F437F2DF}.Debug|x86.Build.0 = Debug|Any CPU
		{F560F817-1E6E-4692-9BB6-AEB4F437F2DF}.Release|Any CPU.ActiveCfg = Release|Any CPU
		{F560F817-1E6E-4692-9BB6-AEB4F437F2DF}.Release|Any CPU.Build.0 = Release|Any CPU
		{F560F817-1E6E-4692-9BB6-AEB4F437F2DF}.Release|x64.ActiveCfg = Release|Any CPU
		{F560F817-1E6E-4692-9BB6-AEB4F437F2DF}.Release|x64.Build.0 = Release|Any CPU
		{F560F817-1E6E-4692-9BB6-AEB4F437F2DF}.Release|x86.ActiveCfg = Release|Any CPU
		{F560F817-1E6E-4692-9BB6-AEB4F437F2DF}.Release|x86.Build.0 = Release|Any CPU
		{8D2C95AD-49A0-438F-955F-37978CD16D09}.Debug|Any CPU.ActiveCfg = Debug|Any CPU
		{8D2C95AD-49A0-438F-955F-37978CD16D09}.Debug|Any CPU.Build.0 = Debug|Any CPU
		{8D2C95AD-49A0-438F-955F-37978CD16D09}.Debug|x64.ActiveCfg = Debug|Any CPU
		{8D2C95AD-49A0-438F-955F-37978CD16D09}.Debug|x64.Build.0 = Debug|Any CPU
		{8D2C95AD-49A0-438F-955F-37978CD16D09}.Debug|x86.ActiveCfg = Debug|Any CPU
		{8D2C95AD-49A0-438F-955F-37978CD16D09}.Debug|x86.Build.0 = Debug|Any CPU
		{8D2C95AD-49A0-438F-955F-37978CD16D09}.Release|Any CPU.ActiveCfg = Release|Any CPU
		{8D2C95AD-49A0-438F-955F-37978CD16D09}.Release|Any CPU.Build.0 = Release|Any CPU
		{8D2C95AD-49A0-438F-955F-37978CD16D09}.Release|x64.ActiveCfg = Release|Any CPU
		{8D2C95AD-49A0-438F-955F-37978CD16D09}.Release|x64.Build.0 = Release|Any CPU
		{8D2C95AD-49A0-438F-955F-37978CD16D09}.Release|x86.ActiveCfg = Release|Any CPU
		{8D2C95AD-49A0-438F-955F-37978CD16D09}.Release|x86.Build.0 = Release|Any CPU
		{7ABFD030-C0A2-4139-A00C-77960F08C192}.Debug|Any CPU.ActiveCfg = Debug|Any CPU
		{7ABFD030-C0A2-4139-A00C-77960F08C192}.Debug|Any CPU.Build.0 = Debug|Any CPU
		{7ABFD030-C0A2-4139-A00C-77960F08C192}.Debug|x64.ActiveCfg = Debug|Any CPU
		{7ABFD030-C0A2-4139-A00C-77960F08C192}.Debug|x64.Build.0 = Debug|Any CPU
		{7ABFD030-C0A2-4139-A00C-77960F08C192}.Debug|x86.ActiveCfg = Debug|Any CPU
		{7ABFD030-C0A2-4139-A00C-77960F08C192}.Debug|x86.Build.0 = Debug|Any CPU
		{7ABFD030-C0A2-4139-A00C-77960F08C192}.Release|Any CPU.ActiveCfg = Release|Any CPU
		{7ABFD030-C0A2-4139-A00C-77960F08C192}.Release|Any CPU.Build.0 = Release|Any CPU
		{7ABFD030-C0A2-4139-A00C-77960F08C192}.Release|x64.ActiveCfg = Release|Any CPU
		{7ABFD030-C0A2-4139-A00C-77960F08C192}.Release|x64.Build.0 = Release|Any CPU
		{7ABFD030-C0A2-4139-A00C-77960F08C192}.Release|x86.ActiveCfg = Release|Any CPU
		{7ABFD030-C0A2-4139-A00C-77960F08C192}.Release|x86.Build.0 = Release|Any CPU
	EndGlobalSection
	GlobalSection(SolutionProperties) = preSolution
		HideSolutionNode = FALSE
	EndGlobalSection
EndGlobal
